
Microsoft Visual Studio Solution File, Format Version 12.00
# Visual Studio Version 17
VisualStudioVersion = 17.0.31903.59
MinimumVisualStudioVersion = 10.0.40219.1
Project("{FAE04EC0-301F-11D3-BF4B-00C04F79EFBC}") = "BasicAvaloniaProject", "BasicAvaloniaProject\BasicAvaloniaProject.csproj", "{22EEC97E-311D-4E80-B9C4-0771B064240E}"
EndProject
Project("{FAE04EC0-301F-11D3-BF4B-00C04F79EFBC}") = "BasicAvaliaProject.Tests", "BasicAvaliaProject.Tests\BasicAvaliaProject.Tests.csproj", "{017E92F7-0E30-4985-BDA6-C407D9B823C6}"
EndProject
Global
	GlobalSection(SolutionConfigurationPlatforms) = preSolution
		Debug|Any CPU = Debug|Any CPU
		Release|Any CPU = Release|Any CPU
	EndGlobalSection
	GlobalSection(SolutionProperties) = preSolution
		HideSolutionNode = FALSE
	EndGlobalSection
	GlobalSection(ProjectConfigurationPlatforms) = postSolution
		{22EEC97E-311D-4E80-B9C4-0771B064240E}.Debug|Any CPU.ActiveCfg = Debug|Any CPU
		{22EEC97E-311D-4E80-B9C4-0771B064240E}.Debug|Any CPU.Build.0 = Debug|Any CPU
		{22EEC97E-311D-4E80-B9C4-0771B064240E}.Release|Any CPU.ActiveCfg = Release|Any CPU
		{22EEC97E-311D-4E80-B9C4-0771B064240E}.Release|Any CPU.Build.0 = Release|Any CPU
		{017E92F7-0E30-4985-BDA6-C407D9B823C6}.Debug|Any CPU.ActiveCfg = Debug|Any CPU
		{017E92F7-0E30-4985-BDA6-C407D9B823C6}.Debug|Any CPU.Build.0 = Debug|Any CPU
		{017E92F7-0E30-4985-BDA6-C407D9B823C6}.Release|Any CPU.ActiveCfg = Release|Any CPU
		{017E92F7-0E30-4985-BDA6-C407D9B823C6}.Release|Any CPU.Build.0 = Release|Any CPU
	EndGlobalSection
EndGlobal
